
Microsoft Visual Studio Solution File, Format Version 12.00
# Visual Studio 15
Project("{FAE04EC0-301F-11D3-BF4B-00C04F79EFBC}") = "ConsumoListaApp.Android", "ConsumoListaApp.Android\ConsumoListaApp.Android.csproj", "{5BE12DEB-5C05-459D-B0A8-B85EF4B8F8DE}"
EndProject
Project("{FAE04EC0-301F-11D3-BF4B-00C04F79EFBC}") = "ConsumoListaApp.iOS", "ConsumoListaApp.iOS\ConsumoListaApp.iOS.csproj", "{59829F01-71C0-48C2-9674-A5A4A165B780}"
EndProject
Project("{FAE04EC0-301F-11D3-BF4B-00C04F79EFBC}") = "ConsumoListaApp", "ConsumoListaApp\ConsumoListaApp.csproj", "{55A60C9C-81CE-41C2-B177-451B373E2596}"
EndProject
Global
	GlobalSection(SolutionConfigurationPlatforms) = preSolution
		Debug|Any CPU = Debug|Any CPU
		Release|Any CPU = Release|Any CPU
		Debug|iPhoneSimulator = Debug|iPhoneSimulator
		Release|iPhoneSimulator = Release|iPhoneSimulator
		Debug|iPhone = Debug|iPhone
		Release|iPhone = Release|iPhone
		Ad-Hoc|iPhone = Ad-Hoc|iPhone
		AppStore|iPhone = AppStore|iPhone
	EndGlobalSection
	GlobalSection(ProjectConfigurationPlatforms) = postSolution
		{5BE12DEB-5C05-459D-B0A8-B85EF4B8F8DE}.Debug|Any CPU.ActiveCfg = Debug|Any CPU
		{5BE12DEB-5C05-459D-B0A8-B85EF4B8F8DE}.Debug|Any CPU.Build.0 = Debug|Any CPU
		{5BE12DEB-5C05-459D-B0A8-B85EF4B8F8DE}.Release|Any CPU.ActiveCfg = Release|Any CPU
		{5BE12DEB-5C05-459D-B0A8-B85EF4B8F8DE}.Release|Any CPU.Build.0 = Release|Any CPU
		{5BE12DEB-5C05-459D-B0A8-B85EF4B8F8DE}.Debug|iPhoneSimulator.ActiveCfg = Debug|Any CPU
		{5BE12DEB-5C05-459D-B0A8-B85EF4B8F8DE}.Debug|iPhoneSimulator.Build.0 = Debug|Any CPU
		{5BE12DEB-5C05-459D-B0A8-B85EF4B8F8DE}.Release|iPhoneSimulator.ActiveCfg = Release|Any CPU
		{5BE12DEB-5C05-459D-B0A8-B85EF4B8F8DE}.Release|iPhoneSimulator.Build.0 = Release|Any CPU
		{5BE12DEB-5C05-459D-B0A8-B85EF4B8F8DE}.Debug|iPhone.ActiveCfg = Debug|Any CPU
		{5BE12DEB-5C05-459D-B0A8-B85EF4B8F8DE}.Debug|iPhone.Build.0 = Debug|Any CPU
		{5BE12DEB-5C05-459D-B0A8-B85EF4B8F8DE}.Release|iPhone.ActiveCfg = Release|Any CPU
		{5BE12DEB-5C05-459D-B0A8-B85EF4B8F8DE}.Release|iPhone.Build.0 = Release|Any CPU
		{5BE12DEB-5C05-459D-B0A8-B85EF4B8F8DE}.Ad-Hoc|iPhone.ActiveCfg = Debug|Any CPU
		{5BE12DEB-5C05-459D-B0A8-B85EF4B8F8DE}.Ad-Hoc|iPhone.Build.0 = Debug|Any CPU
		{5BE12DEB-5C05-459D-B0A8-B85EF4B8F8DE}.AppStore|iPhone.ActiveCfg = Debug|Any CPU
		{5BE12DEB-5C05-459D-B0A8-B85EF4B8F8DE}.AppStore|iPhone.Build.0 = Debug|Any CPU
		{59829F01-71C0-48C2-9674-A5A4A165B780}.Debug|Any CPU.ActiveCfg = Debug|iPhoneSimulator
		{59829F01-71C0-48C2-9674-A5A4A165B780}.Debug|Any CPU.Build.0 = Debug|iPhoneSimulator
		{59829F01-71C0-48C2-9674-A5A4A165B780}.Release|Any CPU.ActiveCfg = Release|iPhoneSimulator
		{59829F01-71C0-48C2-9674-A5A4A165B780}.Release|Any CPU.Build.0 = Release|iPhoneSimulator
		{59829F01-71C0-48C2-9674-A5A4A165B780}.Debug|iPhoneSimulator.ActiveCfg = Debug|iPhoneSimulator
		{59829F01-71C0-48C2-9674-A5A4A165B780}.Debug|iPhoneSimulator.Build.0 = Debug|iPhoneSimulator
		{59829F01-71C0-48C2-9674-A5A4A165B780}.Release|iPhoneSimulator.ActiveCfg = Release|iPhoneSimulator
		{59829F01-71C0-48C2-9674-A5A4A165B780}.Release|iPhoneSimulator.Build.0 = Release|iPhoneSimulator
		{59829F01-71C0-48C2-9674-A5A4A165B780}.Debug|iPhone.ActiveCfg = Debug|iPhone
		{59829F01-71C0-48C2-9674-A5A4A165B780}.Debug|iPhone.Build.0 = Debug|iPhone
		{59829F01-71C0-48C2-9674-A5A4A165B780}.Release|iPhone.ActiveCfg = Release|iPhone
		{59829F01-71C0-48C2-9674-A5A4A165B780}.Release|iPhone.Build.0 = Release|iPhone
		{59829F01-71C0-48C2-9674-A5A4A165B780}.Ad-Hoc|iPhone.ActiveCfg = Ad-Hoc|iPhone
		{59829F01-71C0-48C2-9674-A5A4A165B780}.Ad-Hoc|iPhone.Build.0 = Ad-Hoc|iPhone
		{59829F01-71C0-48C2-9674-A5A4A165B780}.AppStore|iPhone.ActiveCfg = AppStore|iPhone
		{59829F01-71C0-48C2-9674-A5A4A165B780}.AppStore|iPhone.Build.0 = AppStore|iPhone
		{55A60C9C-81CE-41C2-B177-451B373E2596}.Debug|Any CPU.ActiveCfg = Debug|Any CPU
		{55A60C9C-81CE-41C2-B177-451B373E2596}.Debug|Any CPU.Build.0 = Debug|Any CPU
		{55A60C9C-81CE-41C2-B177-451B373E2596}.Release|Any CPU.ActiveCfg = Release|Any CPU
		{55A60C9C-81CE-41C2-B177-451B373E2596}.Release|Any CPU.Build.0 = Release|Any CPU
		{55A60C9C-81CE-41C2-B177-451B373E2596}.Debug|iPhoneSimulator.ActiveCfg = Debug|Any CPU
		{55A60C9C-81CE-41C2-B177-451B373E2596}.Debug|iPhoneSimulator.Build.0 = Debug|Any CPU
		{55A60C9C-81CE-41C2-B177-451B373E2596}.Release|iPhoneSimulator.ActiveCfg = Release|Any CPU
		{55A60C9C-81CE-41C2-B177-451B373E2596}.Release|iPhoneSimulator.Build.0 = Release|Any CPU
		{55A60C9C-81CE-41C2-B177-451B373E2596}.Debug|iPhone.ActiveCfg = Debug|Any CPU
		{55A60C9C-81CE-41C2-B177-451B373E2596}.Debug|iPhone.Build.0 = Debug|Any CPU
		{55A60C9C-81CE-41C2-B177-451B373E2596}.Release|iPhone.ActiveCfg = Release|Any CPU
		{55A60C9C-81CE-41C2-B177-451B373E2596}.Release|iPhone.Build.0 = Release|Any CPU
		{55A60C9C-81CE-41C2-B177-451B373E2596}.Ad-Hoc|iPhone.ActiveCfg = Debug|Any CPU
		{55A60C9C-81CE-41C2-B177-451B373E2596}.Ad-Hoc|iPhone.Build.0 = Debug|Any CPU
		{55A60C9C-81CE-41C2-B177-451B373E2596}.AppStore|iPhone.ActiveCfg = Debug|Any CPU
		{55A60C9C-81CE-41C2-B177-451B373E2596}.AppStore|iPhone.Build.0 = Debug|Any CPU
	EndGlobalSection
EndGlobal
